
Microsoft Visual Studio Solution File, Format Version 12.00
# Visual Studio Version 16
VisualStudioVersion = 16.0.30711.63
MinimumVisualStudioVersion = 10.0.40219.1
Project("{FAE04EC0-301F-11D3-BF4B-00C04F79EFBC}") = "NetCoreVize", "NetCoreVize\NetCoreVize.csproj", "{96566E93-2348-481A-9F42-1338049BAC7B}"
EndProject
Global
	GlobalSection(SolutionConfigurationPlatforms) = preSolution
		Debug|Any CPU = Debug|Any CPU
		Release|Any CPU = Release|Any CPU
	EndGlobalSection
	GlobalSection(ProjectConfigurationPlatforms) = postSolution
		{96566E93-2348-481A-9F42-1338049BAC7B}.Debug|Any CPU.ActiveCfg = Debug|Any CPU
		{96566E93-2348-481A-9F42-1338049BAC7B}.Debug|Any CPU.Build.0 = Debug|Any CPU
		{96566E93-2348-481A-9F42-1338049BAC7B}.Release|Any CPU.ActiveCfg = Release|Any CPU
		{96566E93-2348-481A-9F42-1338049BAC7B}.Release|Any CPU.Build.0 = Release|Any CPU
	EndGlobalSection
	GlobalSection(SolutionProperties) = preSolution
		HideSolutionNode = FALSE
	EndGlobalSection
	GlobalSection(ExtensibilityGlobals) = postSolution
		SolutionGuid = {FB96CDB2-544A-4768-BB4F-C1C24332C033}
	EndGlobalSection
EndGlobal
